// !$*UTF8*$!
{
	archiveVersion = 1;
	classes = {
	};
	objectVersion = 50;
	objects = {

/* Begin PBXBuildFile section */
		84889C9E214670980088142B /* AppDelegate.swift in Sources */ = {isa = PBXBuildFile; fileRef = 84889C9D214670980088142B /* AppDelegate.swift */; };
		84889CA3214670980088142B /* Main.storyboard in Resources */ = {isa = PBXBuildFile; fileRef = 84889CA1214670980088142B /* Main.storyboard */; };
		84889CA52146709A0088142B /* Assets.xcassets in Resources */ = {isa = PBXBuildFile; fileRef = 84889CA42146709A0088142B /* Assets.xcassets */; };
		84889CA82146709A0088142B /* LaunchScreen.storyboard in Resources */ = {isa = PBXBuildFile; fileRef = 84889CA62146709A0088142B /* LaunchScreen.storyboard */; };
		84889CB4214671490088142B /* ViewController.swift in Sources */ = {isa = PBXBuildFile; fileRef = 84889CB2214671490088142B /* ViewController.swift */; };
		84889CB7214671510088142B /* Wolf.dae in Resources */ = {isa = PBXBuildFile; fileRef = 84889CB6214671510088142B /* Wolf.dae */; };
/* End PBXBuildFile section */

/* Begin PBXFileReference section */
		84889C9A214670980088142B /* ImageTracking.app */ = {isa = PBXFileReference; explicitFileType = wrapper.application; includeInIndex = 0; path = ImageTracking.app; sourceTree = BUILT_PRODUCTS_DIR; };
		84889C9D214670980088142B /* AppDelegate.swift */ = {isa = PBXFileReference; lastKnownFileType = sourcecode.swift; path = AppDelegate.swift; sourceTree = "<group>"; };
		84889CA2214670980088142B /* Base */ = {isa = PBXFileReference; lastKnownFileType = file.storyboard; name = Base; path = Base.lproj/Main.storyboard; sourceTree = "<group>"; };
		84889CA42146709A0088142B /* Assets.xcassets */ = {isa = PBXFileReference; lastKnownFileType = folder.assetcatalog; path = Assets.xcassets; sourceTree = "<group>"; };
		84889CA72146709A0088142B /* Base */ = {isa = PBXFileReference; lastKnownFileType = file.storyboard; name = Base; path = Base.lproj/LaunchScreen.storyboard; sourceTree = "<group>"; };
		84889CA92146709A0088142B /* Info.plist */ = {isa = PBXFileReference; lastKnownFileType = text.plist.xml; path = Info.plist; sourceTree = "<group>"; };
		84889CB2214671490088142B /* ViewController.swift */ = {isa = PBXFileReference; fileEncoding = 4; lastKnownFileType = sourcecode.swift; path = ViewController.swift; sourceTree = "<group>"; };
		84889CB6214671510088142B /* Wolf.dae */ = {isa = PBXFileReference; fileEncoding = 4; lastKnownFileType = text.xml.dae; path = Wolf.dae; sourceTree = "<group>"; };
/* End PBXFileReference section */

/* Begin PBXFrameworksBuildPhase section */
		84889C97214670980088142B /* Frameworks */ = {
			isa = PBXFrameworksBuildPhase;
			buildActionMask = 2147483647;
			files = (
			);
			runOnlyForDeploymentPostprocessing = 0;
		};
/* End PBXFrameworksBuildPhase section */

/* Begin PBXGroup section */
		84889C91214670980088142B = {
			isa = PBXGroup;
			children = (
				84889C9C214670980088142B /* ImageTracking */,
				84889C9B214670980088142B /* Products */,
			);
			sourceTree = "<group>";
		};
		84889C9B214670980088142B /* Products */ = {
			isa = PBXGroup;
			children = (
				84889C9A214670980088142B /* ImageTracking.app */,
			);
			name = Products;
			sourceTree = "<group>";
		};
		84889C9C214670980088142B /* ImageTracking */ = {
			isa = PBXGroup;
			children = (
				84889CB5214671510088142B /* 3DModel */,
				84889CAF214671490088142B /* Classes */,
				84889C9D214670980088142B /* AppDelegate.swift */,
				84889CA1214670980088142B /* Main.storyboard */,
				84889CA42146709A0088142B /* Assets.xcassets */,
				84889CA62146709A0088142B /* LaunchScreen.storyboard */,
				84889CA92146709A0088142B /* Info.plist */,
			);
			path = ImageTracking;
			sourceTree = "<group>";
		};
		84889CAF214671490088142B /* Classes */ = {
			isa = PBXGroup;
			children = (
				84889CB0214671490088142B /* Modules */,
				84889CB1214671490088142B /* Controllers */,
				84889CB3214671490088142B /* Views */,
			);
			path = Classes;
			sourceTree = "<group>";
		};
		84889CB0214671490088142B /* Modules */ = {
			isa = PBXGroup;
			children = (
			);
			path = Modules;
			sourceTree = "<group>";
		};
		84889CB1214671490088142B /* Controllers */ = {
			isa = PBXGroup;
			children = (
				84889CB2214671490088142B /* ViewController.swift */,
			);
			path = Controllers;
			sourceTree = "<group>";
		};
		84889CB3214671490088142B /* Views */ = {
			isa = PBXGroup;
			children = (
			);
			path = Views;
			sourceTree = "<group>";
		};
		84889CB5214671510088142B /* 3DModel */ = {
			isa = PBXGroup;
			children = (
				84889CB6214671510088142B /* Wolf.dae */,
			);
			path = 3DModel;
			sourceTree = "<group>";
		};
/* End PBXGroup section */

/* Begin PBXNativeTarget section */
		84889C99214670980088142B /* ImageTracking */ = {
			isa = PBXNativeTarget;
			buildConfigurationList = 84889CAC2146709A0088142B /* Build configuration list for PBXNativeTarget "ImageTracking" */;
			buildPhases = (
				84889C96214670980088142B /* Sources */,
				84889C97214670980088142B /* Frameworks */,
				84889C98214670980088142B /* Resources */,
			);
			buildRules = (
			);
			dependencies = (
			);
			name = ImageTracking;
			productName = ImageTracking;
			productReference = 84889C9A214670980088142B /* ImageTracking.app */;
			productType = "com.apple.product-type.application";
		};
/* End PBXNativeTarget section */

/* Begin PBXProject section */
		84889C92214670980088142B /* Project object */ = {
			isa = PBXProject;
			attributes = {
				LastSwiftUpdateCheck = 1000;
				LastUpgradeCheck = 1000;
				ORGANIZATIONNAME = Tien;
				TargetAttributes = {
					84889C99214670980088142B = {
						CreatedOnToolsVersion = 10.0;
					};
				};
			};
			buildConfigurationList = 84889C95214670980088142B /* Build configuration list for PBXProject "ImageTracking" */;
			compatibilityVersion = "Xcode 9.3";
			developmentRegion = en;
			hasScannedForEncodings = 0;
			knownRegions = (
				en,
				Base,
			);
			mainGroup = 84889C91214670980088142B;
			productRefGroup = 84889C9B214670980088142B /* Products */;
			projectDirPath = "";
			projectRoot = "";
			targets = (
				84889C99214670980088142B /* ImageTracking */,
			);
		};
/* End PBXProject section */

/* Begin PBXResourcesBuildPhase section */
		84889C98214670980088142B /* Resources */ = {
			isa = PBXResourcesBuildPhase;
			buildActionMask = 2147483647;
			files = (
				84889CB7214671510088142B /* Wolf.dae in Resources */,
				84889CA82146709A0088142B /* LaunchScreen.storyboard in Resources */,
				84889CA52146709A0088142B /* Assets.xcassets in Resources */,
				84889CA3214670980088142B /* Main.storyboard in Resources */,
			);
			runOnlyForDeploymentPostprocessing = 0;
		};
/* End PBXResourcesBuildPhase section */

/* Begin PBXSourcesBuildPhase section */
		84889C96214670980088142B /* Sources */ = {
			isa = PBXSourcesBuildPhase;
			buildActionMask = 2147483647;
			files = (
				84889CB4214671490088142B /* ViewController.swift in Sources */,
				84889C9E214670980088142B /* AppDelegate.swift in Sources */,
			);
			runOnlyForDeploymentPostprocessing = 0;
		};
/* End PBXSourcesBuildPhase section */

/* Begin PBXVariantGroup section */
		84889CA1214670980088142B /* Main.storyboard */ = {
			isa = PBXVariantGroup;
			children = (
				84889CA2214670980088142B /* Base */,
			);
			name = Main.storyboard;
			sourceTree = "<group>";
		};
		84889CA62146709A0088142B /* LaunchScreen.storyboard */ = {
			isa = PBXVariantGroup;
			children = (
				84889CA72146709A0088142B /* Base */,
			);
			name = LaunchScreen.storyboard;
			sourceTree = "<group>";
		};
/* End PBXVariantGroup section */

/* Begin XCBuildConfiguration section */
		84889CAA2146709A0088142B /* Debug */ = {
			isa = XCBuildConfiguration;
			buildSettings = {
				ALWAYS_SEARCH_USER_PATHS = NO;
				CLANG_ANALYZER_NONNULL = YES;
				CLANG_ANALYZER_NUMBER_OBJECT_CONVERSION = YES_AGGRESSIVE;
				CLANG_CXX_LANGUAGE_STANDARD = "gnu++14";
				CLANG_CXX_LIBRARY = "libc++";
				CLANG_ENABLE_MODULES = YES;
				CLANG_ENABLE_OBJC_ARC = YES;
				CLANG_ENABLE_OBJC_WEAK = YES;
				CLANG_WARN_BLOCK_CAPTURE_AUTORELEASING = YES;
				CLANG_WARN_BOOL_CONVERSION = YES;
				CLANG_WARN_COMMA = YES;
				CLANG_WARN_CONSTANT_CONVERSION = YES;
				CLANG_WARN_DEPRECATED_OBJC_IMPLEMENTATIONS = YES;
				CLANG_WARN_DIRECT_OBJC_ISA_USAGE = YES_ERROR;
				CLANG_WARN_DOCUMENTATION_COMMENTS = YES;
				CLANG_WARN_EMPTY_BODY = YES;
				CLANG_WARN_ENUM_CONVERSION = YES;
				CLANG_WARN_INFINITE_RECURSION = YES;
				CLANG_WARN_INT_CONVERSION = YES;
				CLANG_WARN_NON_LITERAL_NULL_CONVERSION = YES;
				CLANG_WARN_OBJC_IMPLICIT_RETAIN_SELF = YES;
				CLANG_WARN_OBJC_LITERAL_CONVERSION = YES;
				CLANG_WARN_OBJC_ROOT_CLASS = YES_ERROR;
				CLANG_WARN_RANGE_LOOP_ANALYSIS = YES;
				CLANG_WARN_STRICT_PROTOTYPES = YES;
				CLANG_WARN_SUSPICIOUS_MOVE = YES;
				CLANG_WARN_UNGUARDED_AVAILABILITY = YES_AGGRESSIVE;
				CLANG_WARN_UNREACHABLE_CODE = YES;
				CLANG_WARN__DUPLICATE_METHOD_MATCH = YES;
				CODE_SIGN_IDENTITY = "iPhone Developer";
				COPY_PHASE_STRIP = NO;
				DEBUG_INFORMATION_FORMAT = dwarf;
				ENABLE_STRICT_OBJC_MSGSEND = YES;
				ENABLE_TESTABILITY = YES;
				GCC_C_LANGUAGE_STANDARD = gnu11;
				GCC_DYNAMIC_NO_PIC = NO;
				GCC_NO_COMMON_BLOCKS = YES;
				GCC_OPTIMIZATION_LEVEL = 0;
				GCC_PREPROCESSOR_DEFINITIONS = (
					"DEBUG=1",
					"$(inherited)",
				);
				GCC_WARN_64_TO_32_BIT_CONVERSION = YES;
				GCC_WARN_ABOUT_RETURN_TYPE = YES_ERROR;
				GCC_WARN_UNDECLARED_SELECTOR = YES;
				GCC_WARN_UNINITIALIZED_AUTOS = YES_AGGRESSIVE;
				GCC_WARN_UNUSED_FUNCTION = YES;
				GCC_WARN_UNUSED_VARIABLE = YES;
				IPHONEOS_DEPLOYMENT_TARGET = 12.0;
				MTL_ENABLE_DEBUG_INFO = INCLUDE_SOURCE;
				MTL_FAST_MATH = YES;
				ONLY_ACTIVE_ARCH = YES;
				SDKROOT = iphoneos;
				SWIFT_ACTIVE_COMPILATION_CONDITIONS = DEBUG;
				SWIFT_OPTIMIZATION_LEVEL = "-Onone";
			};
			name = Debug;
		};
		84889CAB2146709A0088142B /* Release */ = {
			isa = XCBuildConfiguration;
			buildSettings = {
				ALWAYS_SEARCH_USER_PATHS = NO;
				CLANG_ANALYZER_NONNULL = YES;
				CLANG_ANALYZER_NUMBER_OBJECT_CONVERSION = YES_AGGRESSIVE;
				CLANG_CXX_LANGUAGE_STANDARD = "gnu++14";
				CLANG_CXX_LIBRARY = "libc++";
				CLANG_ENABLE_MODULES = YES;
				CLANG_ENABLE_OBJC_ARC = YES;
				CLANG_ENABLE_OBJC_WEAK = YES;
				CLANG_WARN_BLOCK_CAPTURE_AUTORELEASING = YES;
				CLANG_WARN_BOOL_CONVERSION = YES;
				CLANG_WARN_COMMA = YES;
				CLANG_WARN_CONSTANT_CONVERSION = YES;
				CLANG_WARN_DEPRECATED_OBJC_IMPLEMENTATIONS = YES;
				CLANG_WARN_DIRECT_OBJC_ISA_USAGE = YES_ERROR;
				CLANG_WARN_DOCUMENTATION_COMMENTS = YES;
				CLANG_WARN_EMPTY_BODY = YES;
				CLANG_WARN_ENUM_CONVERSION = YES;
				CLANG_WARN_INFINITE_RECURSION = YES;
				CLANG_WARN_INT_CONVERSION = YES;
				CLANG_WARN_NON_LITERAL_NULL_CONVERSION = YES;
				CLANG_WARN_OBJC_IMPLICIT_RETAIN_SELF = YES;
				CLANG_WARN_OBJC_LITERAL_CONVERSION = YES;
				CLANG_WARN_OBJC_ROOT_CLASS = YES_ERROR;
				CLANG_WARN_RANGE_LOOP_ANALYSIS = YES;
				CLANG_WARN_STRICT_PROTOTYPES = YES;
				CLANG_WARN_SUSPICIOUS_MOVE = YES;
				CLANG_WARN_UNGUARDED_AVAILABILITY = YES_AGGRESSIVE;
				CLANG_WARN_UNREACHABLE_CODE = YES;
				CLANG_WARN__DUPLICATE_METHOD_MATCH = YES;
				CODE_SIGN_IDENTITY = "iPhone Developer";
				COPY_PHASE_STRIP = NO;
				DEBUG_INFORMATION_FORMAT = "dwarf-with-dsym";
				ENABLE_NS_ASSERTIONS = NO;
				ENABLE_STRICT_OBJC_MSGSEND = YES;
				GCC_C_LANGUAGE_STANDARD = gnu11;
				GCC_NO_COMMON_BLOCKS = YES;
				GCC_WARN_64_TO_32_BIT_CONVERSION = YES;
				GCC_WARN_ABOUT_RETURN_TYPE = YES_ERROR;
				GCC_WARN_UNDECLARED_SELECTOR = YES;
				GCC_WARN_UNINITIALIZED_AUTOS = YES_AGGRESSIVE;
				GCC_WARN_UNUSED_FUNCTION = YES;
				GCC_WARN_UNUSED_VARIABLE = YES;
				IPHONEOS_DEPLOYMENT_TARGET = 12.0;
				MTL_ENABLE_DEBUG_INFO = NO;
				MTL_FAST_MATH = YES;
				SDKROOT = iphoneos;
				SWIFT_COMPILATION_MODE = wholemodule;
				SWIFT_OPTIMIZATION_LEVEL = "-O";
				VALIDATE_PRODUCT = YES;
			};
			name = Release;
		};
		84889CAD2146709A0088142B /* Debug */ = {
			isa = XCBuildConfiguration;
			buildSettings = {
				ASSETCATALOG_COMPILER_APPICON_NAME = AppIcon;
				CODE_SIGN_STYLE = Automatic;
				DEVELOPMENT_TEAM = S8FBP4YLUA;
				INFOPLIST_FILE = ImageTracking/Info.plist;
				LD_RUNPATH_SEARCH_PATHS = (
					"$(inherited)",
					"@executable_path/Frameworks",
				);
				PRODUCT_BUNDLE_IDENTIFIER = com.tien.ImageTracking;
				PRODUCT_NAME = "$(TARGET_NAME)";
				SWIFT_VERSION = 4.2;
				TARGETED_DEVICE_FAMILY = "1,2";
			};
			name = Debug;
		};
		84889CAE2146709A0088142B /* Release */ = {
			isa = XCBuildConfiguration;
			buildSettings = {
				ASSETCATALOG_COMPILER_APPICON_NAME = AppIcon;
				CODE_SIGN_STYLE = Automatic;
				DEVELOPMENT_TEAM = S8FBP4YLUA;
				INFOPLIST_FILE = ImageTracking/Info.plist;
				LD_RUNPATH_SEARCH_PATHS = (
					"$(inherited)",
					"@executable_path/Frameworks",
				);
				PRODUCT_BUNDLE_IDENTIFIER = com.tien.ImageTracking;
				PRODUCT_NAME = "$(TARGET_NAME)";
				SWIFT_VERSION = 4.2;
				TARGETED_DEVICE_FAMILY = "1,2";
			};
			name = Release;
		};
/* End XCBuildConfiguration section */

/* Begin XCConfigurationList section */
		84889C95214670980088142B /* Build configuration list for PBXProject "ImageTracking" */ = {
			isa = XCConfigurationList;
			buildConfigurations = (
				84889CAA2146709A0088142B /* Debug */,
				84889CAB2146709A0088142B /* Release */,
			);
			defaultConfigurationIsVisible = 0;
			defaultConfigurationName = Release;
		};
		84889CAC2146709A0088142B /* Build configuration list for PBXNativeTarget "ImageTracking" */ = {
			isa = XCConfigurationList;
			buildConfigurations = (
				84889CAD2146709A0088142B /* Debug */,
				84889CAE2146709A0088142B /* Release */,
			);
			defaultConfigurationIsVisible = 0;
			defaultConfigurationName = Release;
		};
/* End XCConfigurationList section */
	};
	rootObject = 84889C92214670980088142B /* Project object */;
}
